<?xml version="1.0" encoding="UTF-8" standalone="yes" ?>
<CodeBlocks_project_file>
	<FileVersion major="1" minor="6" />
	<Project>
		<Option title="Brain Drain" />
		<Option pch_mode="2" />
		<Option compiler="gcc" />
		<Build>
			<Target title="Debug">
				<Option output="bin/Debug/Brain Drain" prefix_auto="1" extension_auto="1" />
				<Option object_output="obj/Debug/" />
				<Option type="1" />
				<Option compiler="gcc" />
				<Option host_application='&quot;./Brain Drain&quot; --file=&quot;./test.bf&quot;' />
				<Compiler>
					<Add option="-std=c++0x" />
					<Add option="-g" />
				</Compiler>
			</Target>
			<Target title="Release">
				<Option output="bin/Release/Brain Drain" prefix_auto="1" extension_auto="1" />
				<Option object_output="obj/Release/" />
				<Option type="0" />
				<Option compiler="gcc" />
				<Compiler>
					<Add option="-fexpensive-optimizations" />
					<Add option="-Os" />
					<Add option="-O3" />
					<Add option="-s" />
				</Compiler>
				<Linker>
					<Add option="-s" />
				</Linker>
			</Target>
		</Build>
		<Compiler>
			<Add option="-fexpensive-optimizations" />
			<Add option="-Os" />
			<Add option="-O3" />
			<Add option="-std=c++0x" />
			<Add option="-Wall" />
		</Compiler>
		<Linker>
			<Add library="boost_program_options" />
			<Add library="boost_regex" />
		</Linker>
		<Unit filename="include/AbstractBF.h" />
		<Unit filename="include/CommandLineHandler.h" />
		<Unit filename="include/Declarations.h" />
		<Unit filename="include/dialect/Brainfuck.h" />
		<Unit filename="main.cpp" />
		<Unit filename="src/AbstractBF.cpp" />
		<Unit filename="src/CommandLineHandler.cpp" />
		<Unit filename="src/dialect/Brainfuck.cpp" />
		<Extensions>
			<code_completion />
			<envvars />
			<debugger />
			<lib_finder disable_auto="1" />
		</Extensions>
	</Project>
</CodeBlocks_project_file>
